{
  "version": 4,
  "terraform_version": "1.3.7",
  "serial": 7,
  "lineage": "4260c4e0-4b92-86aa-d303-da80280b6ca9",
  "outputs": {},
  "resources": [
    {
      "module": "module.SecurityGroup",
      "mode": "managed",
      "type": "aws_security_group",
      "name": "SecurityGroup",
      "provider": "provider[\"registry.terraform.io/hashicorp/aws\"]",
      "instances": [
        {
          "schema_version": 1,
          "attributes": {
            "arn": "arn:aws:ec2:ap-southeast-1:159418346395:security-group/sg-09ba4dc7ad93bc5c7",
            "description": "Managed by Terraform",
            "egress": [],
            "id": "sg-09ba4dc7ad93bc5c7",
            "ingress": [
              {
                "cidr_blocks": [
                  "0.0.0.0/0"
                ],
                "description": "",
                "from_port": 22,
                "ipv6_cidr_blocks": [],
                "prefix_list_ids": [],
                "protocol": "tcp",
                "security_groups": [],
                "self": false,
                "to_port": 22
              },
              {
                "cidr_blocks": [
                  "0.0.0.0/0"
                ],
                "description": "",
                "from_port": 80,
                "ipv6_cidr_blocks": [],
                "prefix_list_ids": [],
                "protocol": "tcp",
                "security_groups": [],
                "self": false,
                "to_port": 80
              }
            ],
            "name": "sg_from_module",
            "name_prefix": "",
            "owner_id": "159418346395",
            "revoke_rules_on_delete": false,
            "tags": null,
            "tags_all": {},
            "timeouts": null,
            "vpc_id": "vpc-09f3a4a2218eca034"
          },
          "sensitive_attributes": [],
          "private": "eyJlMmJmYjczMC1lY2FhLTExZTYtOGY4OC0zNDM2M2JjN2M0YzAiOnsiY3JlYXRlIjo2MDAwMDAwMDAwMDAsImRlbGV0ZSI6OTAwMDAwMDAwMDAwfSwic2NoZW1hX3ZlcnNpb24iOiIxIn0="
        }
      ]
    },
    {
      "module": "module.iamgroup",
      "mode": "managed",
      "type": "aws_iam_group",
      "name": "iamgroup_creategroup",
      "provider": "provider[\"registry.terraform.io/hashicorp/aws\"]",
      "instances": [
        {
          "schema_version": 0,
          "attributes": {
            "arn": "arn:aws:iam::159418346395:group/groupname_from_module",
            "id": "groupname_from_module",
            "name": "groupname_from_module",
            "path": "/",
            "unique_id": "AGPASKHQS5ON4RIY2KW2I"
          },
          "sensitive_attributes": [],
          "private": "bnVsbA=="
        }
      ]
    },
    {
      "module": "module.iamuser",
      "mode": "managed",
      "type": "aws_iam_user",
      "name": "iamuser_createuser",
      "provider": "provider[\"registry.terraform.io/hashicorp/aws\"]",
      "instances": [
        {
          "schema_version": 0,
          "attributes": {
            "arn": "arn:aws:iam::159418346395:user/username_from_module",
            "force_destroy": false,
            "id": "username_from_module",
            "name": "username_from_module",
            "path": "/",
            "permissions_boundary": null,
            "tags": {},
            "tags_all": {},
            "unique_id": "AIDASKHQS5ON6RPCOE4QJ"
          },
          "sensitive_attributes": [],
          "private": "bnVsbA=="
        }
      ]
    },
    {
      "module": "module.membership",
      "mode": "managed",
      "type": "aws_iam_group_membership",
      "name": "membership",
      "provider": "provider[\"registry.terraform.io/hashicorp/aws\"]",
      "instances": [
        {
          "schema_version": 0,
          "attributes": {
            "group": "groupname_from_module",
            "id": "mem1",
            "name": "mem1",
            "users": [
              "username_from_module"
            ]
          },
          "sensitive_attributes": [],
          "private": "bnVsbA==",
          "dependencies": [
            "module.iamgroup.aws_iam_group.iamgroup_creategroup",
            "module.iamuser.aws_iam_user.iamuser_createuser"
          ]
        }
      ]
    }
  ],
  "check_results": null
}
